// !$*UTF8*$!
{
	archiveVersion = 1;
	classes = {
	};
	objectVersion = 46;
	objects = {

/* Begin PBXBuildFile section */
		114626811BA9E4FA00A6D8C2 /* User.m in Sources */ = {isa = PBXBuildFile; fileRef = 114626801BA9E4FA00A6D8C2 /* User.m */; };
		114626841BA9E53D00A6D8C2 /* User+Utils.m in Sources */ = {isa = PBXBuildFile; fileRef = 114626831BA9E53D00A6D8C2 /* User+Utils.m */; };
		114626871BAA069E00A6D8C2 /* HomeViewController.m in Sources */ = {isa = PBXBuildFile; fileRef = 114626861BAA069E00A6D8C2 /* HomeViewController.m */; };
		114626911BAA154500A6D8C2 /* MenuCell.m in Sources */ = {isa = PBXBuildFile; fileRef = 114626901BAA154500A6D8C2 /* MenuCell.m */; };
		114626941BAA71FB00A6D8C2 /* MenuViewController.m in Sources */ = {isa = PBXBuildFile; fileRef = 114626931BAA71FB00A6D8C2 /* MenuViewController.m */; };
		117825FA1BC31F1D00C59DCD /* HomeContainerView.xib in Resources */ = {isa = PBXBuildFile; fileRef = 117825F91BC31F1C00C59DCD /* HomeContainerView.xib */; };
		117825FD1BC31F4600C59DCD /* HomeContainerView.m in Sources */ = {isa = PBXBuildFile; fileRef = 117825FC1BC31F4600C59DCD /* HomeContainerView.m */; };
		117826001BC58F7200C59DCD /* Card.m in Sources */ = {isa = PBXBuildFile; fileRef = 117825FF1BC58F7200C59DCD /* Card.m */; };
		117826021BC59ED700C59DCD /* HomeResultView.xib in Resources */ = {isa = PBXBuildFile; fileRef = 117826011BC59ED700C59DCD /* HomeResultView.xib */; };
		117826051BC5A2DB00C59DCD /* HomeResultView.m in Sources */ = {isa = PBXBuildFile; fileRef = 117826041BC5A2DB00C59DCD /* HomeResultView.m */; };
		117826091BC8291400C59DCD /* ProximaNova-Bold.otf in Resources */ = {isa = PBXBuildFile; fileRef = 117826071BC8291400C59DCD /* ProximaNova-Bold.otf */; };
		1178260A1BC8291400C59DCD /* ProximaNova-Reg.otf in Resources */ = {isa = PBXBuildFile; fileRef = 117826081BC8291400C59DCD /* ProximaNova-Reg.otf */; };
		1178260E1BC829CC00C59DCD /* ProximaNova-Sbold.otf in Resources */ = {isa = PBXBuildFile; fileRef = 1178260D1BC829CC00C59DCD /* ProximaNova-Sbold.otf */; };
		117826141BC879CE00C59DCD /* SocialIconButton.m in Sources */ = {isa = PBXBuildFile; fileRef = 117826131BC879CE00C59DCD /* SocialIconButton.m */; };
		117826161BCC55CB00C59DCD /* Social.framework in Frameworks */ = {isa = PBXBuildFile; fileRef = 117826151BCC55CB00C59DCD /* Social.framework */; };
		1181D2331BD47B7E00DB52ED /* Fabric.framework in Frameworks */ = {isa = PBXBuildFile; fileRef = 1181D2311BD47B7E00DB52ED /* Fabric.framework */; };
		1181D2341BD47B7E00DB52ED /* Crashlytics.framework in Frameworks */ = {isa = PBXBuildFile; fileRef = 1181D2321BD47B7E00DB52ED /* Crashlytics.framework */; };
		1181D2371BD58B7E00DB52ED /* SearchViewController.m in Sources */ = {isa = PBXBuildFile; fileRef = 1181D2361BD58B7E00DB52ED /* SearchViewController.m */; };
		1181D23A1BD58C2B00DB52ED /* SearchCell.m in Sources */ = {isa = PBXBuildFile; fileRef = 1181D2391BD58C2B00DB52ED /* SearchCell.m */; };
		11F106121BA4A3BC00D044AC /* main.m in Sources */ = {isa = PBXBuildFile; fileRef = 11F106111BA4A3BC00D044AC /* main.m */; };
		11F106151BA4A3BC00D044AC /* AppDelegate.m in Sources */ = {isa = PBXBuildFile; fileRef = 11F106141BA4A3BC00D044AC /* AppDelegate.m */; };
		11F106181BA4A3BC00D044AC /* Twinning.xcdatamodeld in Sources */ = {isa = PBXBuildFile; fileRef = 11F106161BA4A3BC00D044AC /* Twinning.xcdatamodeld */; };
		11F1061B1BA4A3BC00D044AC /* ViewController.m in Sources */ = {isa = PBXBuildFile; fileRef = 11F1061A1BA4A3BC00D044AC /* ViewController.m */; };
		11F1061E1BA4A3BC00D044AC /* Main.storyboard in Resources */ = {isa = PBXBuildFile; fileRef = 11F1061C1BA4A3BC00D044AC /* Main.storyboard */; };
		11F106201BA4A3BC00D044AC /* Images.xcassets in Resources */ = {isa = PBXBuildFile; fileRef = 11F1061F1BA4A3BC00D044AC /* Images.xcassets */; };
		11F106231BA4A3BC00D044AC /* LaunchScreen.xib in Resources */ = {isa = PBXBuildFile; fileRef = 11F106211BA4A3BC00D044AC /* LaunchScreen.xib */; };
		11F1062F1BA4A3BC00D044AC /* TwinningTests.m in Sources */ = {isa = PBXBuildFile; fileRef = 11F1062E1BA4A3BC00D044AC /* TwinningTests.m */; };
		11F1063B1BA4A43400D044AC /* UIImage+Utils.m in Sources */ = {isa = PBXBuildFile; fileRef = 11F1063A1BA4A43400D044AC /* UIImage+Utils.m */; };
		11F106461BA4A46600D044AC /* UIView+Glow.m in Sources */ = {isa = PBXBuildFile; fileRef = 11F1063D1BA4A46600D044AC /* UIView+Glow.m */; };
		11F106471BA4A46600D044AC /* UIView+MyInfo.m in Sources */ = {isa = PBXBuildFile; fileRef = 11F1063F1BA4A46600D044AC /* UIView+MyInfo.m */; };
		11F106481BA4A46600D044AC /* NSData+Format.m in Sources */ = {isa = PBXBuildFile; fileRef = 11F106411BA4A46600D044AC /* NSData+Format.m */; };
		11F106491BA4A46600D044AC /* NSString+utils.m in Sources */ = {isa = PBXBuildFile; fileRef = 11F106431BA4A46600D044AC /* NSString+utils.m */; };
		11F1064A1BA4A46600D044AC /* UIColor+HexValue.m in Sources */ = {isa = PBXBuildFile; fileRef = 11F106451BA4A46600D044AC /* UIColor+HexValue.m */; };
		11F106511BA4A4C900D044AC /* EasyFacebook.m in Sources */ = {isa = PBXBuildFile; fileRef = 11F1064E1BA4A4C900D044AC /* EasyFacebook.m */; };
		11F106521BA4A4C900D044AC /* EasyTwitter.m in Sources */ = {isa = PBXBuildFile; fileRef = 11F106501BA4A4C900D044AC /* EasyTwitter.m */; };
		11F106561BA4ACF000D044AC /* APIClient.m in Sources */ = {isa = PBXBuildFile; fileRef = 11F106551BA4ACF000D044AC /* APIClient.m */; };
		11F4DEDB1BAC9C4600E4A6E8 /* HomeFeedCell.m in Sources */ = {isa = PBXBuildFile; fileRef = 11F4DEDA1BAC9C4600E4A6E8 /* HomeFeedCell.m */; };
		11F4DEDE1BADE8F400E4A6E8 /* CreateVoteController.m in Sources */ = {isa = PBXBuildFile; fileRef = 11F4DEDD1BADE8F400E4A6E8 /* CreateVoteController.m */; };
		11F4DEED1BB49EC900E4A6E8 /* UIView+Screenshot.m in Sources */ = {isa = PBXBuildFile; fileRef = 11F4DEEC1BB49EC900E4A6E8 /* UIView+Screenshot.m */; };
		11F4DEF01BB49EFE00E4A6E8 /* ShareViewController.m in Sources */ = {isa = PBXBuildFile; fileRef = 11F4DEEF1BB49EFE00E4A6E8 /* ShareViewController.m */; };
		11F4DEF31BB9E16C00E4A6E8 /* ShareScreenCell.m in Sources */ = {isa = PBXBuildFile; fileRef = 11F4DEF21BB9E16C00E4A6E8 /* ShareScreenCell.m */; };
		11F4DEF51BBC6F5600E4A6E8 /* MessageUI.framework in Frameworks */ = {isa = PBXBuildFile; fileRef = 11F4DEF41BBC6F5600E4A6E8 /* MessageUI.framework */; };
		11F4DEF81BBF0FF300E4A6E8 /* SelfieImageView.m in Sources */ = {isa = PBXBuildFile; fileRef = 11F4DEF71BBF0FF300E4A6E8 /* SelfieImageView.m */; };
		C285608A67CE575EE9C6FEA2 /* libPods-Twinning.a in Frameworks */ = {isa = PBXBuildFile; fileRef = 52C49A033E85888CC6365382 /* libPods-Twinning.a */; };
/* End PBXBuildFile section */

/* Begin PBXContainerItemProxy section */
		11F106291BA4A3BC00D044AC /* PBXContainerItemProxy */ = {
			isa = PBXContainerItemProxy;
			containerPortal = 11F106041BA4A3BC00D044AC /* Project object */;
			proxyType = 1;
			remoteGlobalIDString = 11F1060B1BA4A3BC00D044AC;
			remoteInfo = Twinning;
		};
/* End PBXContainerItemProxy section */

/* Begin PBXFileReference section */
		1146267F1BA9E4FA00A6D8C2 /* User.h */ = {isa = PBXFileReference; fileEncoding = 4; lastKnownFileType = sourcecode.c.h; path = User.h; sourceTree = "<group>"; };
		114626801BA9E4FA00A6D8C2 /* User.m */ = {isa = PBXFileReference; fileEncoding = 4; lastKnownFileType = sourcecode.c.objc; path = User.m; sourceTree = "<group>"; };
		114626821BA9E53D00A6D8C2 /* User+Utils.h */ = {isa = PBXFileReference; fileEncoding = 4; lastKnownFileType = sourcecode.c.h; path = "User+Utils.h"; sourceTree = "<group>"; };
		114626831BA9E53D00A6D8C2 /* User+Utils.m */ = {isa = PBXFileReference; fileEncoding = 4; lastKnownFileType = sourcecode.c.objc; path = "User+Utils.m"; sourceTree = "<group>"; };
		114626851BAA069E00A6D8C2 /* HomeViewController.h */ = {isa = PBXFileReference; fileEncoding = 4; lastKnownFileType = sourcecode.c.h; path = HomeViewController.h; sourceTree = "<group>"; };
		114626861BAA069E00A6D8C2 /* HomeViewController.m */ = {isa = PBXFileReference; fileEncoding = 4; lastKnownFileType = sourcecode.c.objc; path = HomeViewController.m; sourceTree = "<group>"; };
		1146268F1BAA154500A6D8C2 /* MenuCell.h */ = {isa = PBXFileReference; fileEncoding = 4; lastKnownFileType = sourcecode.c.h; path = MenuCell.h; sourceTree = "<group>"; };
		114626901BAA154500A6D8C2 /* MenuCell.m */ = {isa = PBXFileReference; fileEncoding = 4; lastKnownFileType = sourcecode.c.objc; path = MenuCell.m; sourceTree = "<group>"; };
		114626921BAA71FB00A6D8C2 /* MenuViewController.h */ = {isa = PBXFileReference; fileEncoding = 4; lastKnownFileType = sourcecode.c.h; path = MenuViewController.h; sourceTree = "<group>"; };
		114626931BAA71FB00A6D8C2 /* MenuViewController.m */ = {isa = PBXFileReference; fileEncoding = 4; lastKnownFileType = sourcecode.c.objc; path = MenuViewController.m; sourceTree = "<group>"; };
		117825F91BC31F1C00C59DCD /* HomeContainerView.xib */ = {isa = PBXFileReference; fileEncoding = 4; lastKnownFileType = file.xib; path = HomeContainerView.xib; sourceTree = "<group>"; };
		117825FB1BC31F4600C59DCD /* HomeContainerView.h */ = {isa = PBXFileReference; fileEncoding = 4; lastKnownFileType = sourcecode.c.h; path = HomeContainerView.h; sourceTree = "<group>"; };
		117825FC1BC31F4600C59DCD /* HomeContainerView.m */ = {isa = PBXFileReference; fileEncoding = 4; lastKnownFileType = sourcecode.c.objc; path = HomeContainerView.m; sourceTree = "<group>"; };
		117825FE1BC58F7200C59DCD /* Card.h */ = {isa = PBXFileReference; fileEncoding = 4; lastKnownFileType = sourcecode.c.h; path = Card.h; sourceTree = "<group>"; };
		117825FF1BC58F7200C59DCD /* Card.m */ = {isa = PBXFileReference; fileEncoding = 4; lastKnownFileType = sourcecode.c.objc; path = Card.m; sourceTree = "<group>"; };
		117826011BC59ED700C59DCD /* HomeResultView.xib */ = {isa = PBXFileReference; fileEncoding = 4; lastKnownFileType = file.xib; path = HomeResultView.xib; sourceTree = "<group>"; };
		117826031BC5A2DB00C59DCD /* HomeResultView.h */ = {isa = PBXFileReference; fileEncoding = 4; lastKnownFileType = sourcecode.c.h; path = HomeResultView.h; sourceTree = "<group>"; };
		117826041BC5A2DB00C59DCD /* HomeResultView.m */ = {isa = PBXFileReference; fileEncoding = 4; lastKnownFileType = sourcecode.c.objc; path = HomeResultView.m; sourceTree = "<group>"; };
		117826071BC8291400C59DCD /* ProximaNova-Bold.otf */ = {isa = PBXFileReference; lastKnownFileType = file; path = "ProximaNova-Bold.otf"; sourceTree = "<group>"; };
		117826081BC8291400C59DCD /* ProximaNova-Reg.otf */ = {isa = PBXFileReference; lastKnownFileType = file; path = "ProximaNova-Reg.otf"; sourceTree = "<group>"; };
		1178260D1BC829CC00C59DCD /* ProximaNova-Sbold.otf */ = {isa = PBXFileReference; lastKnownFileType = file; path = "ProximaNova-Sbold.otf"; sourceTree = "<group>"; };
		117826121BC879CE00C59DCD /* SocialIconButton.h */ = {isa = PBXFileReference; fileEncoding = 4; lastKnownFileType = sourcecode.c.h; path = SocialIconButton.h; sourceTree = "<group>"; };
		117826131BC879CE00C59DCD /* SocialIconButton.m */ = {isa = PBXFileReference; fileEncoding = 4; lastKnownFileType = sourcecode.c.objc; path = SocialIconButton.m; sourceTree = "<group>"; };
		117826151BCC55CB00C59DCD /* Social.framework */ = {isa = PBXFileReference; lastKnownFileType = wrapper.framework; name = Social.framework; path = System/Library/Frameworks/Social.framework; sourceTree = SDKROOT; };
		1181D2311BD47B7E00DB52ED /* Fabric.framework */ = {isa = PBXFileReference; lastKnownFileType = wrapper.framework; path = Fabric.framework; sourceTree = "<group>"; };
		1181D2321BD47B7E00DB52ED /* Crashlytics.framework */ = {isa = PBXFileReference; lastKnownFileType = wrapper.framework; path = Crashlytics.framework; sourceTree = "<group>"; };
		1181D2351BD58B7E00DB52ED /* SearchViewController.h */ = {isa = PBXFileReference; fileEncoding = 4; lastKnownFileType = sourcecode.c.h; path = SearchViewController.h; sourceTree = "<group>"; };
		1181D2361BD58B7E00DB52ED /* SearchViewController.m */ = {isa = PBXFileReference; fileEncoding = 4; lastKnownFileType = sourcecode.c.objc; path = SearchViewController.m; sourceTree = "<group>"; };
		1181D2381BD58C2B00DB52ED /* SearchCell.h */ = {isa = PBXFileReference; fileEncoding = 4; lastKnownFileType = sourcecode.c.h; path = SearchCell.h; sourceTree = "<group>"; };
		1181D2391BD58C2B00DB52ED /* SearchCell.m */ = {isa = PBXFileReference; fileEncoding = 4; lastKnownFileType = sourcecode.c.objc; path = SearchCell.m; sourceTree = "<group>"; };
		11F1060C1BA4A3BC00D044AC /* Choose.app */ = {isa = PBXFileReference; explicitFileType = wrapper.application; includeInIndex = 0; path = Choose.app; sourceTree = BUILT_PRODUCTS_DIR; };
		11F106101BA4A3BC00D044AC /* Info.plist */ = {isa = PBXFileReference; lastKnownFileType = text.plist.xml; path = Info.plist; sourceTree = "<group>"; };
		11F106111BA4A3BC00D044AC /* main.m */ = {isa = PBXFileReference; lastKnownFileType = sourcecode.c.objc; path = main.m; sourceTree = "<group>"; };
		11F106131BA4A3BC00D044AC /* AppDelegate.h */ = {isa = PBXFileReference; lastKnownFileType = sourcecode.c.h; path = AppDelegate.h; sourceTree = "<group>"; };
		11F106141BA4A3BC00D044AC /* AppDelegate.m */ = {isa = PBXFileReference; lastKnownFileType = sourcecode.c.objc; path = AppDelegate.m; sourceTree = "<group>"; };
		11F106171BA4A3BC00D044AC /* Twinning.xcdatamodel */ = {isa = PBXFileReference; lastKnownFileType = wrapper.xcdatamodel; path = Twinning.xcdatamodel; sourceTree = "<group>"; };
		11F106191BA4A3BC00D044AC /* ViewController.h */ = {isa = PBXFileReference; lastKnownFileType = sourcecode.c.h; path = ViewController.h; sourceTree = "<group>"; };
		11F1061A1BA4A3BC00D044AC /* ViewController.m */ = {isa = PBXFileReference; lastKnownFileType = sourcecode.c.objc; path = ViewController.m; sourceTree = "<group>"; };
		11F1061D1BA4A3BC00D044AC /* Base */ = {isa = PBXFileReference; lastKnownFileType = file.storyboard; name = Base; path = Base.lproj/Main.storyboard; sourceTree = "<group>"; };
		11F1061F1BA4A3BC00D044AC /* Images.xcassets */ = {isa = PBXFileReference; lastKnownFileType = folder.assetcatalog; path = Images.xcassets; sourceTree = "<group>"; };
		11F106221BA4A3BC00D044AC /* Base */ = {isa = PBXFileReference; lastKnownFileType = file.xib; name = Base; path = Base.lproj/LaunchScreen.xib; sourceTree = "<group>"; };
		11F106281BA4A3BC00D044AC /* ChooseTests.xctest */ = {isa = PBXFileReference; explicitFileType = wrapper.cfbundle; includeInIndex = 0; path = ChooseTests.xctest; sourceTree = BUILT_PRODUCTS_DIR; };
		11F1062D1BA4A3BC00D044AC /* Info.plist */ = {isa = PBXFileReference; lastKnownFileType = text.plist.xml; path = Info.plist; sourceTree = "<group>"; };
		11F1062E1BA4A3BC00D044AC /* TwinningTests.m */ = {isa = PBXFileReference; lastKnownFileType = sourcecode.c.objc; path = TwinningTests.m; sourceTree = "<group>"; };
		11F106391BA4A43400D044AC /* UIImage+Utils.h */ = {isa = PBXFileReference; fileEncoding = 4; lastKnownFileType = sourcecode.c.h; path = "UIImage+Utils.h"; sourceTree = "<group>"; };
		11F1063A1BA4A43400D044AC /* UIImage+Utils.m */ = {isa = PBXFileReference; fileEncoding = 4; lastKnownFileType = sourcecode.c.objc; path = "UIImage+Utils.m"; sourceTree = "<group>"; };
		11F1063C1BA4A46600D044AC /* UIView+Glow.h */ = {isa = PBXFileReference; fileEncoding = 4; lastKnownFileType = sourcecode.c.h; path = "UIView+Glow.h"; sourceTree = "<group>"; };
		11F1063D1BA4A46600D044AC /* UIView+Glow.m */ = {isa = PBXFileReference; fileEncoding = 4; lastKnownFileType = sourcecode.c.objc; path = "UIView+Glow.m"; sourceTree = "<group>"; };
		11F1063E1BA4A46600D044AC /* UIView+MyInfo.h */ = {isa = PBXFileReference; fileEncoding = 4; lastKnownFileType = sourcecode.c.h; path = "UIView+MyInfo.h"; sourceTree = "<group>"; };
		11F1063F1BA4A46600D044AC /* UIView+MyInfo.m */ = {isa = PBXFileReference; fileEncoding = 4; lastKnownFileType = sourcecode.c.objc; path = "UIView+MyInfo.m"; sourceTree = "<group>"; };
		11F106401BA4A46600D044AC /* NSData+Format.h */ = {isa = PBXFileReference; fileEncoding = 4; lastKnownFileType = sourcecode.c.h; path = "NSData+Format.h"; sourceTree = "<group>"; };
		11F106411BA4A46600D044AC /* NSData+Format.m */ = {isa = PBXFileReference; fileEncoding = 4; lastKnownFileType = sourcecode.c.objc; path = "NSData+Format.m"; sourceTree = "<group>"; };
		11F106421BA4A46600D044AC /* NSString+utils.h */ = {isa = PBXFileReference; fileEncoding = 4; lastKnownFileType = sourcecode.c.h; path = "NSString+utils.h"; sourceTree = "<group>"; };
		11F106431BA4A46600D044AC /* NSString+utils.m */ = {isa = PBXFileReference; fileEncoding = 4; lastKnownFileType = sourcecode.c.objc; path = "NSString+utils.m"; sourceTree = "<group>"; };
		11F106441BA4A46600D044AC /* UIColor+HexValue.h */ = {isa = PBXFileReference; fileEncoding = 4; lastKnownFileType = sourcecode.c.h; path = "UIColor+HexValue.h"; sourceTree = "<group>"; };
		11F106451BA4A46600D044AC /* UIColor+HexValue.m */ = {isa = PBXFileReference; fileEncoding = 4; lastKnownFileType = sourcecode.c.objc; path = "UIColor+HexValue.m"; sourceTree = "<group>"; };
		11F1064D1BA4A4C900D044AC /* EasyFacebook.h */ = {isa = PBXFileReference; fileEncoding = 4; lastKnownFileType = sourcecode.c.h; path = EasyFacebook.h; sourceTree = "<group>"; };
		11F1064E1BA4A4C900D044AC /* EasyFacebook.m */ = {isa = PBXFileReference; fileEncoding = 4; lastKnownFileType = sourcecode.c.objc; path = EasyFacebook.m; sourceTree = "<group>"; };
		11F1064F1BA4A4C900D044AC /* EasyTwitter.h */ = {isa = PBXFileReference; fileEncoding = 4; lastKnownFileType = sourcecode.c.h; path = EasyTwitter.h; sourceTree = "<group>"; };
		11F106501BA4A4C900D044AC /* EasyTwitter.m */ = {isa = PBXFileReference; fileEncoding = 4; lastKnownFileType = sourcecode.c.objc; path = EasyTwitter.m; sourceTree = "<group>"; };
		11F106541BA4ACF000D044AC /* APIClient.h */ = {isa = PBXFileReference; fileEncoding = 4; lastKnownFileType = sourcecode.c.h; path = APIClient.h; sourceTree = "<group>"; };
		11F106551BA4ACF000D044AC /* APIClient.m */ = {isa = PBXFileReference; fileEncoding = 4; lastKnownFileType = sourcecode.c.objc; path = APIClient.m; sourceTree = "<group>"; };
		11F106571BA4AE7400D044AC /* constants.h */ = {isa = PBXFileReference; lastKnownFileType = sourcecode.c.h; path = constants.h; sourceTree = "<group>"; };
		11F4DED91BAC9C4600E4A6E8 /* HomeFeedCell.h */ = {isa = PBXFileReference; fileEncoding = 4; lastKnownFileType = sourcecode.c.h; path = HomeFeedCell.h; sourceTree = "<group>"; };
		11F4DEDA1BAC9C4600E4A6E8 /* HomeFeedCell.m */ = {isa = PBXFileReference; fileEncoding = 4; lastKnownFileType = sourcecode.c.objc; path = HomeFeedCell.m; sourceTree = "<group>"; };
		11F4DEDC1BADE8F400E4A6E8 /* CreateVoteController.h */ = {isa = PBXFileReference; fileEncoding = 4; lastKnownFileType = sourcecode.c.h; path = CreateVoteController.h; sourceTree = "<group>"; };
		11F4DEDD1BADE8F400E4A6E8 /* CreateVoteController.m */ = {isa = PBXFileReference; fileEncoding = 4; lastKnownFileType = sourcecode.c.objc; path = CreateVoteController.m; sourceTree = "<group>"; };
		11F4DEEB1BB49EC900E4A6E8 /* UIView+Screenshot.h */ = {isa = PBXFileReference; fileEncoding = 4; lastKnownFileType = sourcecode.c.h; path = "UIView+Screenshot.h"; sourceTree = "<group>"; };
		11F4DEEC1BB49EC900E4A6E8 /* UIView+Screenshot.m */ = {isa = PBXFileReference; fileEncoding = 4; lastKnownFileType = sourcecode.c.objc; path = "UIView+Screenshot.m"; sourceTree = "<group>"; };
		11F4DEEE1BB49EFE00E4A6E8 /* ShareViewController.h */ = {isa = PBXFileReference; fileEncoding = 4; lastKnownFileType = sourcecode.c.h; path = ShareViewController.h; sourceTree = "<group>"; };
		11F4DEEF1BB49EFE00E4A6E8 /* ShareViewController.m */ = {isa = PBXFileReference; fileEncoding = 4; lastKnownFileType = sourcecode.c.objc; path = ShareViewController.m; sourceTree = "<group>"; };
		11F4DEF11BB9E16C00E4A6E8 /* ShareScreenCell.h */ = {isa = PBXFileReference; fileEncoding = 4; lastKnownFileType = sourcecode.c.h; path = ShareScreenCell.h; sourceTree = "<group>"; };
		11F4DEF21BB9E16C00E4A6E8 /* ShareScreenCell.m */ = {isa = PBXFileReference; fileEncoding = 4; lastKnownFileType = sourcecode.c.objc; path = ShareScreenCell.m; sourceTree = "<group>"; };
		11F4DEF41BBC6F5600E4A6E8 /* MessageUI.framework */ = {isa = PBXFileReference; lastKnownFileType = wrapper.framework; name = MessageUI.framework; path = System/Library/Frameworks/MessageUI.framework; sourceTree = SDKROOT; };
		11F4DEF61BBF0FF300E4A6E8 /* SelfieImageView.h */ = {isa = PBXFileReference; fileEncoding = 4; lastKnownFileType = sourcecode.c.h; path = SelfieImageView.h; sourceTree = "<group>"; };
		11F4DEF71BBF0FF300E4A6E8 /* SelfieImageView.m */ = {isa = PBXFileReference; fileEncoding = 4; lastKnownFileType = sourcecode.c.objc; path = SelfieImageView.m; sourceTree = "<group>"; };
		52C49A033E85888CC6365382 /* libPods-Twinning.a */ = {isa = PBXFileReference; explicitFileType = archive.ar; includeInIndex = 0; path = "libPods-Twinning.a"; sourceTree = BUILT_PRODUCTS_DIR; };
		56C8F31513C6C77A26B3E8F4 /* Pods-Twinning.debug.xcconfig */ = {isa = PBXFileReference; includeInIndex = 1; lastKnownFileType = text.xcconfig; name = "Pods-Twinning.debug.xcconfig"; path = "Pods/Target Support Files/Pods-Twinning/Pods-Twinning.debug.xcconfig"; sourceTree = "<group>"; };
		FEB13F0D21F9AD5A5DF063BC /* Pods-Twinning.release.xcconfig */ = {isa = PBXFileReference; includeInIndex = 1; lastKnownFileType = text.xcconfig; name = "Pods-Twinning.release.xcconfig"; path = "Pods/Target Support Files/Pods-Twinning/Pods-Twinning.release.xcconfig"; sourceTree = "<group>"; };
/* End PBXFileReference section */

/* Begin PBXFrameworksBuildPhase section */
		11F106091BA4A3BC00D044AC /* Frameworks */ = {
			isa = PBXFrameworksBuildPhase;
			buildActionMask = 2147483647;
			files = (
				117826161BCC55CB00C59DCD /* Social.framework in Frameworks */,
				1181D2341BD47B7E00DB52ED /* Crashlytics.framework in Frameworks */,
				11F4DEF51BBC6F5600E4A6E8 /* MessageUI.framework in Frameworks */,
				C285608A67CE575EE9C6FEA2 /* libPods-Twinning.a in Frameworks */,
				1181D2331BD47B7E00DB52ED /* Fabric.framework in Frameworks */,
			);
			runOnlyForDeploymentPostprocessing = 0;
		};
		11F106251BA4A3BC00D044AC /* Frameworks */ = {
			isa = PBXFrameworksBuildPhase;
			buildActionMask = 2147483647;
			files = (
			);
			runOnlyForDeploymentPostprocessing = 0;
		};
/* End PBXFrameworksBuildPhase section */

/* Begin PBXGroup section */
		1146267D1BA9E35E00A6D8C2 /* Models */ = {
			isa = PBXGroup;
			children = (
				1146267F1BA9E4FA00A6D8C2 /* User.h */,
				114626801BA9E4FA00A6D8C2 /* User.m */,
				114626821BA9E53D00A6D8C2 /* User+Utils.h */,
				114626831BA9E53D00A6D8C2 /* User+Utils.m */,
				117825FE1BC58F7200C59DCD /* Card.h */,
				117825FF1BC58F7200C59DCD /* Card.m */,
			);
			name = Models;
			sourceTree = "<group>";
		};
		1146267E1BA9E37B00A6D8C2 /* Controllers */ = {
			isa = PBXGroup;
			children = (
				114626851BAA069E00A6D8C2 /* HomeViewController.h */,
				114626861BAA069E00A6D8C2 /* HomeViewController.m */,
				114626921BAA71FB00A6D8C2 /* MenuViewController.h */,
				114626931BAA71FB00A6D8C2 /* MenuViewController.m */,
				11F4DEDC1BADE8F400E4A6E8 /* CreateVoteController.h */,
				11F4DEDD1BADE8F400E4A6E8 /* CreateVoteController.m */,
				11F4DEEE1BB49EFE00E4A6E8 /* ShareViewController.h */,
				11F4DEEF1BB49EFE00E4A6E8 /* ShareViewController.m */,
				1181D2351BD58B7E00DB52ED /* SearchViewController.h */,
				1181D2361BD58B7E00DB52ED /* SearchViewController.m */,
			);
			name = Controllers;
			sourceTree = "<group>";
		};
		1146268E1BAA14AA00A6D8C2 /* Views */ = {
			isa = PBXGroup;
			children = (
				1146268F1BAA154500A6D8C2 /* MenuCell.h */,
				114626901BAA154500A6D8C2 /* MenuCell.m */,
				11F4DED91BAC9C4600E4A6E8 /* HomeFeedCell.h */,
				11F4DEDA1BAC9C4600E4A6E8 /* HomeFeedCell.m */,
				11F4DEF11BB9E16C00E4A6E8 /* ShareScreenCell.h */,
				11F4DEF21BB9E16C00E4A6E8 /* ShareScreenCell.m */,
				11F4DEF61BBF0FF300E4A6E8 /* SelfieImageView.h */,
				11F4DEF71BBF0FF300E4A6E8 /* SelfieImageView.m */,
				117825F91BC31F1C00C59DCD /* HomeContainerView.xib */,
				117826011BC59ED700C59DCD /* HomeResultView.xib */,
				117825FB1BC31F4600C59DCD /* HomeContainerView.h */,
				117825FC1BC31F4600C59DCD /* HomeContainerView.m */,
				117826031BC5A2DB00C59DCD /* HomeResultView.h */,
				117826041BC5A2DB00C59DCD /* HomeResultView.m */,
				117826121BC879CE00C59DCD /* SocialIconButton.h */,
				117826131BC879CE00C59DCD /* SocialIconButton.m */,
				1181D2381BD58C2B00DB52ED /* SearchCell.h */,
				1181D2391BD58C2B00DB52ED /* SearchCell.m */,
			);
			name = Views;
			sourceTree = "<group>";
		};
		117826061BC828EC00C59DCD /* Fonts */ = {
			isa = PBXGroup;
			children = (
				1178260D1BC829CC00C59DCD /* ProximaNova-Sbold.otf */,
				117826071BC8291400C59DCD /* ProximaNova-Bold.otf */,
				117826081BC8291400C59DCD /* ProximaNova-Reg.otf */,
			);
			name = Fonts;
			sourceTree = "<group>";
		};
		11F106031BA4A3BC00D044AC = {
			isa = PBXGroup;
			children = (
				11F1060E1BA4A3BC00D044AC /* Twinning */,
				11F1062B1BA4A3BC00D044AC /* TwinningTests */,
				11F1060D1BA4A3BC00D044AC /* Products */,
				BAC0A339003DC910DA765BD7 /* Pods */,
				548E2A145F17AC2891E6BE81 /* Frameworks */,
			);
			sourceTree = "<group>";
		};
		11F1060D1BA4A3BC00D044AC /* Products */ = {
			isa = PBXGroup;
			children = (
				11F1060C1BA4A3BC00D044AC /* Choose.app */,
				11F106281BA4A3BC00D044AC /* ChooseTests.xctest */,
			);
			name = Products;
			sourceTree = "<group>";
		};
		11F1060E1BA4A3BC00D044AC /* Twinning */ = {
			isa = PBXGroup;
			children = (
				117826061BC828EC00C59DCD /* Fonts */,
				11F106531BA4ACDC00D044AC /* API */,
				11F1064B1BA4A49D00D044AC /* 3rd Party */,
				11F106381BA4A41700D044AC /* Utils */,
				1146268E1BAA14AA00A6D8C2 /* Views */,
				1146267E1BA9E37B00A6D8C2 /* Controllers */,
				1146267D1BA9E35E00A6D8C2 /* Models */,
				11F106131BA4A3BC00D044AC /* AppDelegate.h */,
				11F106141BA4A3BC00D044AC /* AppDelegate.m */,
				11F106191BA4A3BC00D044AC /* ViewController.h */,
				11F1061A1BA4A3BC00D044AC /* ViewController.m */,
				11F1061C1BA4A3BC00D044AC /* Main.storyboard */,
				11F1061F1BA4A3BC00D044AC /* Images.xcassets */,
				11F106211BA4A3BC00D044AC /* LaunchScreen.xib */,
				11F106161BA4A3BC00D044AC /* Twinning.xcdatamodeld */,
				11F1060F1BA4A3BC00D044AC /* Supporting Files */,
			);
			path = Twinning;
			sourceTree = "<group>";
		};
		11F1060F1BA4A3BC00D044AC /* Supporting Files */ = {
			isa = PBXGroup;
			children = (
				11F106101BA4A3BC00D044AC /* Info.plist */,
				11F106111BA4A3BC00D044AC /* main.m */,
				11F106571BA4AE7400D044AC /* constants.h */,
			);
			name = "Supporting Files";
			sourceTree = "<group>";
		};
		11F1062B1BA4A3BC00D044AC /* TwinningTests */ = {
			isa = PBXGroup;
			children = (
				11F1062E1BA4A3BC00D044AC /* TwinningTests.m */,
				11F1062C1BA4A3BC00D044AC /* Supporting Files */,
			);
			path = TwinningTests;
			sourceTree = "<group>";
		};
		11F1062C1BA4A3BC00D044AC /* Supporting Files */ = {
			isa = PBXGroup;
			children = (
				11F1062D1BA4A3BC00D044AC /* Info.plist */,
			);
			name = "Supporting Files";
			sourceTree = "<group>";
		};
		11F106381BA4A41700D044AC /* Utils */ = {
			isa = PBXGroup;
			children = (
				11F4DEEB1BB49EC900E4A6E8 /* UIView+Screenshot.h */,
				11F4DEEC1BB49EC900E4A6E8 /* UIView+Screenshot.m */,
				11F1063C1BA4A46600D044AC /* UIView+Glow.h */,
				11F1063D1BA4A46600D044AC /* UIView+Glow.m */,
				11F1063E1BA4A46600D044AC /* UIView+MyInfo.h */,
				11F1063F1BA4A46600D044AC /* UIView+MyInfo.m */,
				11F106401BA4A46600D044AC /* NSData+Format.h */,
				11F106411BA4A46600D044AC /* NSData+Format.m */,
				11F106421BA4A46600D044AC /* NSString+utils.h */,
				11F106431BA4A46600D044AC /* NSString+utils.m */,
				11F106441BA4A46600D044AC /* UIColor+HexValue.h */,
				11F106451BA4A46600D044AC /* UIColor+HexValue.m */,
				11F106391BA4A43400D044AC /* UIImage+Utils.h */,
				11F1063A1BA4A43400D044AC /* UIImage+Utils.m */,
			);
			name = Utils;
			sourceTree = "<group>";
		};
		11F1064B1BA4A49D00D044AC /* 3rd Party */ = {
			isa = PBXGroup;
			children = (
				11F1064C1BA4A4B200D044AC /* Easy Social */,
			);
			name = "3rd Party";
			sourceTree = "<group>";
		};
		11F1064C1BA4A4B200D044AC /* Easy Social */ = {
			isa = PBXGroup;
			children = (
				11F1064D1BA4A4C900D044AC /* EasyFacebook.h */,
				11F1064E1BA4A4C900D044AC /* EasyFacebook.m */,
				11F1064F1BA4A4C900D044AC /* EasyTwitter.h */,
				11F106501BA4A4C900D044AC /* EasyTwitter.m */,
			);
			name = "Easy Social";
			sourceTree = "<group>";
		};
		11F106531BA4ACDC00D044AC /* API */ = {
			isa = PBXGroup;
			children = (
				11F106541BA4ACF000D044AC /* APIClient.h */,
				11F106551BA4ACF000D044AC /* APIClient.m */,
			);
			name = API;
			sourceTree = "<group>";
		};
		548E2A145F17AC2891E6BE81 /* Frameworks */ = {
			isa = PBXGroup;
			children = (
				1181D2311BD47B7E00DB52ED /* Fabric.framework */,
				1181D2321BD47B7E00DB52ED /* Crashlytics.framework */,
				117826151BCC55CB00C59DCD /* Social.framework */,
				11F4DEF41BBC6F5600E4A6E8 /* MessageUI.framework */,
				52C49A033E85888CC6365382 /* libPods-Twinning.a */,
			);
			name = Frameworks;
			sourceTree = "<group>";
		};
		BAC0A339003DC910DA765BD7 /* Pods */ = {
			isa = PBXGroup;
			children = (
				56C8F31513C6C77A26B3E8F4 /* Pods-Twinning.debug.xcconfig */,
				FEB13F0D21F9AD5A5DF063BC /* Pods-Twinning.release.xcconfig */,
			);
			name = Pods;
			sourceTree = "<group>";
		};
/* End PBXGroup section */

/* Begin PBXNativeTarget section */
		11F1060B1BA4A3BC00D044AC /* Choose */ = {
			isa = PBXNativeTarget;
			buildConfigurationList = 11F106321BA4A3BC00D044AC /* Build configuration list for PBXNativeTarget "Choose" */;
			buildPhases = (
				4E0A82F38813A942851DC37F /* Check Pods Manifest.lock */,
				11F106081BA4A3BC00D044AC /* Sources */,
				11F106091BA4A3BC00D044AC /* Frameworks */,
				11F1060A1BA4A3BC00D044AC /* Resources */,
				EBCAD3B2A8872B97D823DAC4 /* Copy Pods Resources */,
				1181D2301BD47ABF00DB52ED /* ShellScript */,
			);
			buildRules = (
			);
			dependencies = (
			);
			name = Choose;
			productName = Twinning;
			productReference = 11F1060C1BA4A3BC00D044AC /* Choose.app */;
			productType = "com.apple.product-type.application";
		};
		11F106271BA4A3BC00D044AC /* ChooseTests */ = {
			isa = PBXNativeTarget;
			buildConfigurationList = 11F106351BA4A3BC00D044AC /* Build configuration list for PBXNativeTarget "ChooseTests" */;
			buildPhases = (
				11F106241BA4A3BC00D044AC /* Sources */,
				11F106251BA4A3BC00D044AC /* Frameworks */,
				11F106261BA4A3BC00D044AC /* Resources */,
			);
			buildRules = (
			);
			dependencies = (
				11F1062A1BA4A3BC00D044AC /* PBXTargetDependency */,
			);
			name = ChooseTests;
			productName = TwinningTests;
			productReference = 11F106281BA4A3BC00D044AC /* ChooseTests.xctest */;
			productType = "com.apple.product-type.bundle.unit-test";
		};
/* End PBXNativeTarget section */

/* Begin PBXProject section */
		11F106041BA4A3BC00D044AC /* Project object */ = {
			isa = PBXProject;
			attributes = {
				LastUpgradeCheck = 0630;
				ORGANIZATIONNAME = "Gen Y Solutions LLC";
				TargetAttributes = {
					11F1060B1BA4A3BC00D044AC = {
						CreatedOnToolsVersion = 6.3.1;
						SystemCapabilities = {
							com.apple.BackgroundModes = {
								enabled = 1;
							};
						};
					};
					11F106271BA4A3BC00D044AC = {
						CreatedOnToolsVersion = 6.3.1;
						TestTargetID = 11F1060B1BA4A3BC00D044AC;
					};
				};
			};
			buildConfigurationList = 11F106071BA4A3BC00D044AC /* Build configuration list for PBXProject "Choose" */;
			compatibilityVersion = "Xcode 3.2";
			developmentRegion = English;
			hasScannedForEncodings = 0;
			knownRegions = (
				en,
				Base,
			);
			mainGroup = 11F106031BA4A3BC00D044AC;
			productRefGroup = 11F1060D1BA4A3BC00D044AC /* Products */;
			projectDirPath = "";
			projectRoot = "";
			targets = (
				11F1060B1BA4A3BC00D044AC /* Choose */,
				11F106271BA4A3BC00D044AC /* ChooseTests */,
			);
		};
/* End PBXProject section */

/* Begin PBXResourcesBuildPhase section */
		11F1060A1BA4A3BC00D044AC /* Resources */ = {
			isa = PBXResourcesBuildPhase;
			buildActionMask = 2147483647;
			files = (
				117826021BC59ED700C59DCD /* HomeResultView.xib in Resources */,
				1178260A1BC8291400C59DCD /* ProximaNova-Reg.otf in Resources */,
				117825FA1BC31F1D00C59DCD /* HomeContainerView.xib in Resources */,
				117826091BC8291400C59DCD /* ProximaNova-Bold.otf in Resources */,
				1178260E1BC829CC00C59DCD /* ProximaNova-Sbold.otf in Resources */,
				11F1061E1BA4A3BC00D044AC /* Main.storyboard in Resources */,
				11F106231BA4A3BC00D044AC /* LaunchScreen.xib in Resources */,
				11F106201BA4A3BC00D044AC /* Images.xcassets in Resources */,
			);
			runOnlyForDeploymentPostprocessing = 0;
		};
		11F106261BA4A3BC00D044AC /* Resources */ = {
			isa = PBXResourcesBuildPhase;
			buildActionMask = 2147483647;
			files = (
			);
			runOnlyForDeploymentPostprocessing = 0;
		};
/* End PBXResourcesBuildPhase section */

/* Begin PBXShellScriptBuildPhase section */
		1181D2301BD47ABF00DB52ED /* ShellScript */ = {
			isa = PBXShellScriptBuildPhase;
			buildActionMask = 2147483647;
			files = (
			);
			inputPaths = (
			);
			outputPaths = (
			);
			runOnlyForDeploymentPostprocessing = 0;
			shellPath = /bin/sh;
			shellScript = "./Fabric.framework/run ac915d5ec1b9aa06b5a09e6906112ced64ff0f78 ab315b53e4728b59b3e5d0ca9450a20f0e831bbf236e2740ca894ae242f2850d";
		};
		4E0A82F38813A942851DC37F /* Check Pods Manifest.lock */ = {
			isa = PBXShellScriptBuildPhase;
			buildActionMask = 2147483647;
			files = (
			);
			inputPaths = (
			);
			name = "Check Pods Manifest.lock";
			outputPaths = (
			);
			runOnlyForDeploymentPostprocessing = 0;
			shellPath = /bin/sh;
			shellScript = "diff \"${PODS_ROOT}/../Podfile.lock\" \"${PODS_ROOT}/Manifest.lock\" > /dev/null\nif [[ $? != 0 ]] ; then\n    cat << EOM\nerror: The sandbox is not in sync with the Podfile.lock. Run 'pod install' or update your CocoaPods installation.\nEOM\n    exit 1\nfi\n";
			showEnvVarsInLog = 0;
		};
		EBCAD3B2A8872B97D823DAC4 /* Copy Pods Resources */ = {
			isa = PBXShellScriptBuildPhase;
			buildActionMask = 2147483647;
			files = (
			);
			inputPaths = (
			);
			name = "Copy Pods Resources";
			outputPaths = (
			);
			runOnlyForDeploymentPostprocessing = 0;
			shellPath = /bin/sh;
			shellScript = "\"${SRCROOT}/Pods/Target Support Files/Pods-Twinning/Pods-Twinning-resources.sh\"\n";
			showEnvVarsInLog = 0;
		};
/* End PBXShellScriptBuildPhase section */

/* Begin PBXSourcesBuildPhase section */
		11F106081BA4A3BC00D044AC /* Sources */ = {
			isa = PBXSourcesBuildPhase;
			buildActionMask = 2147483647;
			files = (
				117825FD1BC31F4600C59DCD /* HomeContainerView.m in Sources */,
				11F106151BA4A3BC00D044AC /* AppDelegate.m in Sources */,
				11F4DEED1BB49EC900E4A6E8 /* UIView+Screenshot.m in Sources */,
				11F4DEF01BB49EFE00E4A6E8 /* ShareViewController.m in Sources */,
				1181D2371BD58B7E00DB52ED /* SearchViewController.m in Sources */,
				11F1064A1BA4A46600D044AC /* UIColor+HexValue.m in Sources */,
				11F106481BA4A46600D044AC /* NSData+Format.m in Sources */,
				11F106121BA4A3BC00D044AC /* main.m in Sources */,
				114626941BAA71FB00A6D8C2 /* MenuViewController.m in Sources */,
				11F1061B1BA4A3BC00D044AC /* ViewController.m in Sources */,
				117826141BC879CE00C59DCD /* SocialIconButton.m in Sources */,
				11F106491BA4A46600D044AC /* NSString+utils.m in Sources */,
				11F106461BA4A46600D044AC /* UIView+Glow.m in Sources */,
				117826051BC5A2DB00C59DCD /* HomeResultView.m in Sources */,
				11F4DEF81BBF0FF300E4A6E8 /* SelfieImageView.m in Sources */,
				114626871BAA069E00A6D8C2 /* HomeViewController.m in Sources */,
				117826001BC58F7200C59DCD /* Card.m in Sources */,
				11F4DEF31BB9E16C00E4A6E8 /* ShareScreenCell.m in Sources */,
				11F106181BA4A3BC00D044AC /* Twinning.xcdatamodeld in Sources */,
				114626841BA9E53D00A6D8C2 /* User+Utils.m in Sources */,
				114626811BA9E4FA00A6D8C2 /* User.m in Sources */,
				11F106511BA4A4C900D044AC /* EasyFacebook.m in Sources */,
				114626911BAA154500A6D8C2 /* MenuCell.m in Sources */,
				11F106521BA4A4C900D044AC /* EasyTwitter.m in Sources */,
				11F4DEDE1BADE8F400E4A6E8 /* CreateVoteController.m in Sources */,
				11F106561BA4ACF000D044AC /* APIClient.m in Sources */,
				11F4DEDB1BAC9C4600E4A6E8 /* HomeFeedCell.m in Sources */,
				1181D23A1BD58C2B00DB52ED /* SearchCell.m in Sources */,
				11F1063B1BA4A43400D044AC /* UIImage+Utils.m in Sources */,
				11F106471BA4A46600D044AC /* UIView+MyInfo.m in Sources */,
			);
			runOnlyForDeploymentPostprocessing = 0;
		};
		11F106241BA4A3BC00D044AC /* Sources */ = {
			isa = PBXSourcesBuildPhase;
			buildActionMask = 2147483647;
			files = (
				11F1062F1BA4A3BC00D044AC /* TwinningTests.m in Sources */,
			);
			runOnlyForDeploymentPostprocessing = 0;
		};
/* End PBXSourcesBuildPhase section */

/* Begin PBXTargetDependency section */
		11F1062A1BA4A3BC00D044AC /* PBXTargetDependency */ = {
			isa = PBXTargetDependency;
			target = 11F1060B1BA4A3BC00D044AC /* Choose */;
			targetProxy = 11F106291BA4A3BC00D044AC /* PBXContainerItemProxy */;
		};
/* End PBXTargetDependency section */

/* Begin PBXVariantGroup section */
		11F1061C1BA4A3BC00D044AC /* Main.storyboard */ = {
			isa = PBXVariantGroup;
			children = (
				11F1061D1BA4A3BC00D044AC /* Base */,
			);
			name = Main.storyboard;
			sourceTree = "<group>";
		};
		11F106211BA4A3BC00D044AC /* LaunchScreen.xib */ = {
			isa = PBXVariantGroup;
			children = (
				11F106221BA4A3BC00D044AC /* Base */,
			);
			name = LaunchScreen.xib;
			sourceTree = "<group>";
		};
/* End PBXVariantGroup section */

/* Begin XCBuildConfiguration section */
		11F106301BA4A3BC00D044AC /* Debug */ = {
			isa = XCBuildConfiguration;
			buildSettings = {
				ALWAYS_SEARCH_USER_PATHS = NO;
				CLANG_CXX_LANGUAGE_STANDARD = "gnu++0x";
				CLANG_CXX_LIBRARY = "libc++";
				CLANG_ENABLE_MODULES = YES;
				CLANG_ENABLE_OBJC_ARC = YES;
				CLANG_WARN_BOOL_CONVERSION = YES;
				CLANG_WARN_CONSTANT_CONVERSION = YES;
				CLANG_WARN_DIRECT_OBJC_ISA_USAGE = YES_ERROR;
				CLANG_WARN_EMPTY_BODY = YES;
				CLANG_WARN_ENUM_CONVERSION = YES;
				CLANG_WARN_INT_CONVERSION = YES;
				CLANG_WARN_OBJC_ROOT_CLASS = YES_ERROR;
				CLANG_WARN_UNREACHABLE_CODE = YES;
				CLANG_WARN__DUPLICATE_METHOD_MATCH = YES;
				"CODE_SIGN_IDENTITY[sdk=iphoneos*]" = "iPhone Developer";
				COPY_PHASE_STRIP = NO;
				DEBUG_INFORMATION_FORMAT = "dwarf-with-dsym";
				ENABLE_STRICT_OBJC_MSGSEND = YES;
				GCC_C_LANGUAGE_STANDARD = gnu99;
				GCC_DYNAMIC_NO_PIC = NO;
				GCC_NO_COMMON_BLOCKS = YES;
				GCC_OPTIMIZATION_LEVEL = 0;
				GCC_PREPROCESSOR_DEFINITIONS = (
					"DEBUG=1",
					"$(inherited)",
				);
				GCC_SYMBOLS_PRIVATE_EXTERN = NO;
				GCC_WARN_64_TO_32_BIT_CONVERSION = YES;
				GCC_WARN_ABOUT_RETURN_TYPE = YES_ERROR;
				GCC_WARN_UNDECLARED_SELECTOR = YES;
				GCC_WARN_UNINITIALIZED_AUTOS = YES_AGGRESSIVE;
				GCC_WARN_UNUSED_FUNCTION = YES;
				GCC_WARN_UNUSED_VARIABLE = YES;
				IPHONEOS_DEPLOYMENT_TARGET = 8.3;
				MTL_ENABLE_DEBUG_INFO = YES;
				ONLY_ACTIVE_ARCH = YES;
				SDKROOT = iphoneos;
			};
			name = Debug;
		};
		11F106311BA4A3BC00D044AC /* Release */ = {
			isa = XCBuildConfiguration;
			buildSettings = {
				ALWAYS_SEARCH_USER_PATHS = NO;
				CLANG_CXX_LANGUAGE_STANDARD = "gnu++0x";
				CLANG_CXX_LIBRARY = "libc++";
				CLANG_ENABLE_MODULES = YES;
				CLANG_ENABLE_OBJC_ARC = YES;
				CLANG_WARN_BOOL_CONVERSION = YES;
				CLANG_WARN_CONSTANT_CONVERSION = YES;
				CLANG_WARN_DIRECT_OBJC_ISA_USAGE = YES_ERROR;
				CLANG_WARN_EMPTY_BODY = YES;
				CLANG_WARN_ENUM_CONVERSION = YES;
				CLANG_WARN_INT_CONVERSION = YES;
				CLANG_WARN_OBJC_ROOT_CLASS = YES_ERROR;
				CLANG_WARN_UNREACHABLE_CODE = YES;
				CLANG_WARN__DUPLICATE_METHOD_MATCH = YES;
				"CODE_SIGN_IDENTITY[sdk=iphoneos*]" = "iPhone Developer";
				COPY_PHASE_STRIP = NO;
				DEBUG_INFORMATION_FORMAT = "dwarf-with-dsym";
				ENABLE_NS_ASSERTIONS = NO;
				ENABLE_STRICT_OBJC_MSGSEND = YES;
				GCC_C_LANGUAGE_STANDARD = gnu99;
				GCC_NO_COMMON_BLOCKS = YES;
				GCC_WARN_64_TO_32_BIT_CONVERSION = YES;
				GCC_WARN_ABOUT_RETURN_TYPE = YES_ERROR;
				GCC_WARN_UNDECLARED_SELECTOR = YES;
				GCC_WARN_UNINITIALIZED_AUTOS = YES_AGGRESSIVE;
				GCC_WARN_UNUSED_FUNCTION = YES;
				GCC_WARN_UNUSED_VARIABLE = YES;
				IPHONEOS_DEPLOYMENT_TARGET = 8.3;
				MTL_ENABLE_DEBUG_INFO = NO;
				SDKROOT = iphoneos;
				VALIDATE_PRODUCT = YES;
			};
			name = Release;
		};
		11F106331BA4A3BC00D044AC /* Debug */ = {
			isa = XCBuildConfiguration;
			baseConfigurationReference = 56C8F31513C6C77A26B3E8F4 /* Pods-Twinning.debug.xcconfig */;
			buildSettings = {
				ASSETCATALOG_COMPILER_APPICON_NAME = AppIcon;
				DEFINES_MODULE = YES;
				EMBEDDED_CONTENT_CONTAINS_SWIFT = YES;
				FRAMEWORK_SEARCH_PATHS = (
					"$(inherited)",
					"$(PROJECT_DIR)",
				);
				INFOPLIST_FILE = Twinning/Info.plist;
				IPHONEOS_DEPLOYMENT_TARGET = 7.0;
				LD_RUNPATH_SEARCH_PATHS = "$(inherited) @executable_path/Frameworks";
				PRODUCT_NAME = Choose;
			};
			name = Debug;
		};
		11F106341BA4A3BC00D044AC /* Release */ = {
			isa = XCBuildConfiguration;
			baseConfigurationReference = FEB13F0D21F9AD5A5DF063BC /* Pods-Twinning.release.xcconfig */;
			buildSettings = {
				ASSETCATALOG_COMPILER_APPICON_NAME = AppIcon;
				DEFINES_MODULE = YES;
				EMBEDDED_CONTENT_CONTAINS_SWIFT = YES;
				FRAMEWORK_SEARCH_PATHS = (
					"$(inherited)",
					"$(PROJECT_DIR)",
				);
				INFOPLIST_FILE = Twinning/Info.plist;
				IPHONEOS_DEPLOYMENT_TARGET = 7.0;
				LD_RUNPATH_SEARCH_PATHS = "$(inherited) @executable_path/Frameworks";
				PRODUCT_NAME = Choose;
			};
			name = Release;
		};
		11F106361BA4A3BC00D044AC /* Debug */ = {
			isa = XCBuildConfiguration;
			buildSettings = {
				BUNDLE_LOADER = "$(TEST_HOST)";
				FRAMEWORK_SEARCH_PATHS = (
					"$(SDKROOT)/Developer/Library/Frameworks",
					"$(inherited)",
				);
				GCC_PREPROCESSOR_DEFINITIONS = (
					"DEBUG=1",
					"$(inherited)",
				);
				INFOPLIST_FILE = TwinningTests/Info.plist;
				LD_RUNPATH_SEARCH_PATHS = "$(inherited) @executable_path/Frameworks @loader_path/Frameworks";
				PRODUCT_NAME = ChooseTests;
				TEST_HOST = "$(BUILT_PRODUCTS_DIR)/Twinning.app/Twinning";
			};
			name = Debug;
		};
		11F106371BA4A3BC00D044AC /* Release */ = {
			isa = XCBuildConfiguration;
			buildSettings = {
				BUNDLE_LOADER = "$(TEST_HOST)";
				FRAMEWORK_SEARCH_PATHS = (
					"$(SDKROOT)/Developer/Library/Frameworks",
					"$(inherited)",
				);
				INFOPLIST_FILE = TwinningTests/Info.plist;
				LD_RUNPATH_SEARCH_PATHS = "$(inherited) @executable_path/Frameworks @loader_path/Frameworks";
				PRODUCT_NAME = ChooseTests;
				TEST_HOST = "$(BUILT_PRODUCTS_DIR)/Twinning.app/Twinning";
			};
			name = Release;
		};
/* End XCBuildConfiguration section */

/* Begin XCConfigurationList section */
		11F106071BA4A3BC00D044AC /* Build configuration list for PBXProject "Choose" */ = {
			isa = XCConfigurationList;
			buildConfigurations = (
				11F106301BA4A3BC00D044AC /* Debug */,
				11F106311BA4A3BC00D044AC /* Release */,
			);
			defaultConfigurationIsVisible = 0;
			defaultConfigurationName = Release;
		};
		11F106321BA4A3BC00D044AC /* Build configuration list for PBXNativeTarget "Choose" */ = {
			isa = XCConfigurationList;
			buildConfigurations = (
				11F106331BA4A3BC00D044AC /* Debug */,
				11F106341BA4A3BC00D044AC /* Release */,
			);
			defaultConfigurationIsVisible = 0;
			defaultConfigurationName = Release;
		};
		11F106351BA4A3BC00D044AC /* Build configuration list for PBXNativeTarget "ChooseTests" */ = {
			isa = XCConfigurationList;
			buildConfigurations = (
				11F106361BA4A3BC00D044AC /* Debug */,
				11F106371BA4A3BC00D044AC /* Release */,
			);
			defaultConfigurationIsVisible = 0;
			defaultConfigurationName = Release;
		};
/* End XCConfigurationList section */

/* Begin XCVersionGroup section */
		11F106161BA4A3BC00D044AC /* Twinning.xcdatamodeld */ = {
			isa = XCVersionGroup;
			children = (
				11F106171BA4A3BC00D044AC /* Twinning.xcdatamodel */,
			);
			currentVersion = 11F106171BA4A3BC00D044AC /* Twinning.xcdatamodel */;
			path = Twinning.xcdatamodeld;
			sourceTree = "<group>";
			versionGroupType = wrapper.xcdatamodel;
		};
/* End XCVersionGroup section */
	};
	rootObject = 11F106041BA4A3BC00D044AC /* Project object */;
}
